
Microsoft Visual Studio Solution File, Format Version 12.00
# Visual Studio Version 17
VisualStudioVersion = 17.8.34330.188
MinimumVisualStudioVersion = 10.0.40219.1
Project("{8BC9CEB8-8B4A-11D0-8D11-00A0C91BC942}") = "LocoPWM2.1", "LocoPWM2.1.vcxproj", "{5DBF23BE-FAB7-429D-8A44-A61D0EC4E0FF}"
EndProject
Global
	GlobalSection(SolutionConfigurationPlatforms) = preSolution
		Debug|ARM = Debug|ARM
		Debug|ARM64 = Debug|ARM64
		Release|ARM = Release|ARM
		Release|ARM64 = Release|ARM64
	EndGlobalSection
	GlobalSection(ProjectConfigurationPlatforms) = postSolution
		{5DBF23BE-FAB7-429D-8A44-A61D0EC4E0FF}.Debug|ARM.ActiveCfg = Debug|ARM
		{5DBF23BE-FAB7-429D-8A44-A61D0EC4E0FF}.Debug|ARM.Build.0 = Debug|ARM
		{5DBF23BE-FAB7-429D-8A44-A61D0EC4E0FF}.Debug|ARM.Deploy.0 = Debug|ARM
		{5DBF23BE-FAB7-429D-8A44-A61D0EC4E0FF}.Debug|ARM64.ActiveCfg = Debug|ARM64
		{5DBF23BE-FAB7-429D-8A44-A61D0EC4E0FF}.Debug|ARM64.Build.0 = Debug|ARM64
		{5DBF23BE-FAB7-429D-8A44-A61D0EC4E0FF}.Debug|ARM64.Deploy.0 = Debug|ARM64
		{5DBF23BE-FAB7-429D-8A44-A61D0EC4E0FF}.Release|ARM.ActiveCfg = Release|ARM
		{5DBF23BE-FAB7-429D-8A44-A61D0EC4E0FF}.Release|ARM.Build.0 = Release|ARM
		{5DBF23BE-FAB7-429D-8A44-A61D0EC4E0FF}.Release|ARM.Deploy.0 = Release|ARM
		{5DBF23BE-FAB7-429D-8A44-A61D0EC4E0FF}.Release|ARM64.ActiveCfg = Release|ARM64
		{5DBF23BE-FAB7-429D-8A44-A61D0EC4E0FF}.Release|ARM64.Build.0 = Release|ARM64
		{5DBF23BE-FAB7-429D-8A44-A61D0EC4E0FF}.Release|ARM64.Deploy.0 = Release|ARM64
	EndGlobalSection
	GlobalSection(SolutionProperties) = preSolution
		HideSolutionNode = FALSE
	EndGlobalSection
	GlobalSection(ExtensibilityGlobals) = postSolution
		SolutionGuid = {57718265-844E-4E02-A11F-DF5C6EB8E194}
	EndGlobalSection
EndGlobal
